
Microsoft Visual Studio Solution File, Format Version 12.00
# Visual Studio 15
VisualStudioVersion = 15.0.28010.2041
MinimumVisualStudioVersion = 10.0.40219.1
Project("{FAE04EC0-301F-11D3-BF4B-00C04F79EFBC}") = "GetMeX", "GetMeX\GetMeX.csproj", "{2C1846DD-A90F-4D26-84F1-FD328EDAD627}"
EndProject
Project("{FAE04EC0-301F-11D3-BF4B-00C04F79EFBC}") = "GetMeX.View", "GetMeX.Views\GetMeX.View.csproj", "{EE85FA71-A56F-4F02-8C1B-4D54B8804385}"
EndProject
Project("{2150E333-8FDC-42A3-9474-1A3956D46DE8}") = "Application", "Application", "{9A0FD602-74A3-472A-B38D-86A9F64E97BA}"
EndProject
Project("{2150E333-8FDC-42A3-9474-1A3956D46DE8}") = "ApplicationViews", "ApplicationViews", "{AF152C45-0C96-4EF3-BBC0-6FE3371AA937}"
EndProject
Project("{2150E333-8FDC-42A3-9474-1A3956D46DE8}") = "Presentation", "Presentation", "{AD80FE8C-AB74-40F2-9387-8AD1C3F69E63}"
EndProject
Project("{FAE04EC0-301F-11D3-BF4B-00C04F79EFBC}") = "GetMeX.ViewModel", "GetMeX.ViewModel\GetMeX.ViewModel.csproj", "{1E9F50B0-02D1-4434-9F69-1B7B6612933E}"
EndProject
Project("{2150E333-8FDC-42A3-9474-1A3956D46DE8}") = "Repositories", "Repositories", "{5811BE66-AB0B-45CA-9BDF-D4B37234C5D7}"
EndProject
Project("{2150E333-8FDC-42A3-9474-1A3956D46DE8}") = "Models", "Models", "{0031E366-03F8-4E09-A555-4D3A2F0A6157}"
EndProject
Project("{2150E333-8FDC-42A3-9474-1A3956D46DE8}") = "UnitTests", "UnitTests", "{3C1E8302-727D-4CE2-9716-1AEC46B2AEB9}"
EndProject
Project("{FAE04EC0-301F-11D3-BF4B-00C04F79EFBC}") = "GetMeX.Models", "GetMeX.Models\GetMeX.Models.csproj", "{8BED7141-0749-4E6A-90A5-129FEC2F1F86}"
EndProject
Project("{FAE04EC0-301F-11D3-BF4B-00C04F79EFBC}") = "GetMeX.ViewModelTests", "GetMeX.ViewModelTests\GetMeX.ViewModelTests.csproj", "{29E020D8-FE53-4F94-9AE6-19DA4E1CE0CB}"
EndProject
Global
	GlobalSection(SolutionConfigurationPlatforms) = preSolution
		Debug|Any CPU = Debug|Any CPU
		Release|Any CPU = Release|Any CPU
	EndGlobalSection
	GlobalSection(ProjectConfigurationPlatforms) = postSolution
		{2C1846DD-A90F-4D26-84F1-FD328EDAD627}.Debug|Any CPU.ActiveCfg = Debug|Any CPU
		{2C1846DD-A90F-4D26-84F1-FD328EDAD627}.Debug|Any CPU.Build.0 = Debug|Any CPU
		{2C1846DD-A90F-4D26-84F1-FD328EDAD627}.Release|Any CPU.ActiveCfg = Release|Any CPU
		{2C1846DD-A90F-4D26-84F1-FD328EDAD627}.Release|Any CPU.Build.0 = Release|Any CPU
		{EE85FA71-A56F-4F02-8C1B-4D54B8804385}.Debug|Any CPU.ActiveCfg = Debug|Any CPU
		{EE85FA71-A56F-4F02-8C1B-4D54B8804385}.Debug|Any CPU.Build.0 = Debug|Any CPU
		{EE85FA71-A56F-4F02-8C1B-4D54B8804385}.Release|Any CPU.ActiveCfg = Release|Any CPU
		{EE85FA71-A56F-4F02-8C1B-4D54B8804385}.Release|Any CPU.Build.0 = Release|Any CPU
		{1E9F50B0-02D1-4434-9F69-1B7B6612933E}.Debug|Any CPU.ActiveCfg = Debug|Any CPU
		{1E9F50B0-02D1-4434-9F69-1B7B6612933E}.Debug|Any CPU.Build.0 = Debug|Any CPU
		{1E9F50B0-02D1-4434-9F69-1B7B6612933E}.Release|Any CPU.ActiveCfg = Release|Any CPU
		{1E9F50B0-02D1-4434-9F69-1B7B6612933E}.Release|Any CPU.Build.0 = Release|Any CPU
		{8BED7141-0749-4E6A-90A5-129FEC2F1F86}.Debug|Any CPU.ActiveCfg = Debug|Any CPU
		{8BED7141-0749-4E6A-90A5-129FEC2F1F86}.Debug|Any CPU.Build.0 = Debug|Any CPU
		{8BED7141-0749-4E6A-90A5-129FEC2F1F86}.Release|Any CPU.ActiveCfg = Release|Any CPU
		{8BED7141-0749-4E6A-90A5-129FEC2F1F86}.Release|Any CPU.Build.0 = Release|Any CPU
		{29E020D8-FE53-4F94-9AE6-19DA4E1CE0CB}.Debug|Any CPU.ActiveCfg = Debug|Any CPU
		{29E020D8-FE53-4F94-9AE6-19DA4E1CE0CB}.Debug|Any CPU.Build.0 = Debug|Any CPU
		{29E020D8-FE53-4F94-9AE6-19DA4E1CE0CB}.Release|Any CPU.ActiveCfg = Release|Any CPU
		{29E020D8-FE53-4F94-9AE6-19DA4E1CE0CB}.Release|Any CPU.Build.0 = Release|Any CPU
	EndGlobalSection
	GlobalSection(SolutionProperties) = preSolution
		HideSolutionNode = FALSE
	EndGlobalSection
	GlobalSection(NestedProjects) = preSolution
		{2C1846DD-A90F-4D26-84F1-FD328EDAD627} = {9A0FD602-74A3-472A-B38D-86A9F64E97BA}
		{EE85FA71-A56F-4F02-8C1B-4D54B8804385} = {AF152C45-0C96-4EF3-BBC0-6FE3371AA937}
		{1E9F50B0-02D1-4434-9F69-1B7B6612933E} = {AD80FE8C-AB74-40F2-9387-8AD1C3F69E63}
		{8BED7141-0749-4E6A-90A5-129FEC2F1F86} = {0031E366-03F8-4E09-A555-4D3A2F0A6157}
	EndGlobalSection
	GlobalSection(ExtensibilityGlobals) = postSolution
		SolutionGuid = {14BF6454-DAB3-4119-9009-2FD346593792}
	EndGlobalSection
EndGlobal
